PODS:
  - JXPhotoBrowser (0.2.6):
    - SDWebImage
  - SDWebImage (4.0.0):
    - SDWebImage/Core (= 4.0.0)
  - SDWebImage/Core (4.0.0)

DEPENDENCIES:
  - JXPhotoBrowser (from `..`)

EXTERNAL SOURCES:
  JXPhotoBrowser:
    :path: ".."

SPEC CHECKSUMS:
  JXPhotoBrowser: 95f3336e219087207feb2e22519809f7ef82fc1f
  SDWebImage: 76a6348bdc74eb5a55dd08a091ef298e56b55e41

PODFILE CHECKSUM: 8862fb395734611bdb45458ef53a3e5b5ee7976d

COCOAPODS: 1.2.1
